// !$*UTF8*$!
{
	archiveVersion = 1;
	classes = {
	};
	objectVersion = 50;
	objects = {

/* Begin PBXBuildFile section */
		150E40FD209C4AD300D98A9D /* AppDelegate.swift in Sources */ = {isa = PBXBuildFile; fileRef = 150E40FC209C4AD300D98A9D /* AppDelegate.swift */; };
		150E40FF209C4AD300D98A9D /* ViewController.swift in Sources */ = {isa = PBXBuildFile; fileRef = 150E40FE209C4AD300D98A9D /* ViewController.swift */; };
		150E4102209C4AD300D98A9D /* Main.storyboard in Resources */ = {isa = PBXBuildFile; fileRef = 150E4100209C4AD300D98A9D /* Main.storyboard */; };
		150E4104209C4AD400D98A9D /* Assets.xcassets in Resources */ = {isa = PBXBuildFile; fileRef = 150E4103209C4AD400D98A9D /* Assets.xcassets */; };
		150E4107209C4AD400D98A9D /* LaunchScreen.storyboard in Resources */ = {isa = PBXBuildFile; fileRef = 150E4105209C4AD400D98A9D /* LaunchScreen.storyboard */; };
		150E411E209C4F3D00D98A9D /* Toolbox.framework in Frameworks */ = {isa = PBXBuildFile; fileRef = 150E4119209C4F0400D98A9D /* Toolbox.framework */; };
		150E411F209C4F3D00D98A9D /* Toolbox.framework in Embed Frameworks */ = {isa = PBXBuildFile; fileRef = 150E4119209C4F0400D98A9D /* Toolbox.framework */; settings = {ATTRIBUTES = (CodeSignOnCopy, RemoveHeadersOnCopy, ); }; };
/* End PBXBuildFile section */

/* Begin PBXCopyFilesBuildPhase section */
		150E4120209C4F3D00D98A9D /* Embed Frameworks */ = {
			isa = PBXCopyFilesBuildPhase;
			buildActionMask = 2147483647;
			dstPath = "";
			dstSubfolderSpec = 10;
			files = (
				150E411F209C4F3D00D98A9D /* Toolbox.framework in Embed Frameworks */,
			);
			name = "Embed Frameworks";
			runOnlyForDeploymentPostprocessing = 0;
		};
/* End PBXCopyFilesBuildPhase section */

/* Begin PBXFileReference section */
		150E40F9209C4AD300D98A9D /* Example.app */ = {isa = PBXFileReference; explicitFileType = wrapper.application; includeInIndex = 0; path = Example.app; sourceTree = BUILT_PRODUCTS_DIR; };
		150E40FC209C4AD300D98A9D /* AppDelegate.swift */ = {isa = PBXFileReference; lastKnownFileType = sourcecode.swift; path = AppDelegate.swift; sourceTree = "<group>"; };
		150E40FE209C4AD300D98A9D /* ViewController.swift */ = {isa = PBXFileReference; lastKnownFileType = sourcecode.swift; path = ViewController.swift; sourceTree = "<group>"; };
		150E4101209C4AD300D98A9D /* Base */ = {isa = PBXFileReference; lastKnownFileType = file.storyboard; name = Base; path = Base.lproj/Main.storyboard; sourceTree = "<group>"; };
		150E4103209C4AD400D98A9D /* Assets.xcassets */ = {isa = PBXFileReference; lastKnownFileType = folder.assetcatalog; path = Assets.xcassets; sourceTree = "<group>"; };
		150E4106209C4AD400D98A9D /* Base */ = {isa = PBXFileReference; lastKnownFileType = file.storyboard; name = Base; path = Base.lproj/LaunchScreen.storyboard; sourceTree = "<group>"; };
		150E4108209C4AD400D98A9D /* Info.plist */ = {isa = PBXFileReference; lastKnownFileType = text.plist.xml; path = Info.plist; sourceTree = "<group>"; };
		150E4115209C4E1300D98A9D /* zh-Hans */ = {isa = PBXFileReference; lastKnownFileType = text.plist.strings; name = "zh-Hans"; path = "zh-Hans.lproj/Main.strings"; sourceTree = "<group>"; };
		150E4117209C4E4100D98A9D /* en */ = {isa = PBXFileReference; lastKnownFileType = text.plist.strings; name = en; path = en.lproj/Main.strings; sourceTree = "<group>"; };
		150E4119209C4F0400D98A9D /* Toolbox.framework */ = {isa = PBXFileReference; explicitFileType = wrapper.framework; path = Toolbox.framework; sourceTree = BUILT_PRODUCTS_DIR; };
/* End PBXFileReference section */

/* Begin PBXFrameworksBuildPhase section */
		150E40F6209C4AD300D98A9D /* Frameworks */ = {
			isa = PBXFrameworksBuildPhase;
			buildActionMask = 2147483647;
			files = (
				150E411E209C4F3D00D98A9D /* Toolbox.framework in Frameworks */,
			);
			runOnlyForDeploymentPostprocessing = 0;
		};
/* End PBXFrameworksBuildPhase section */

/* Begin PBXGroup section */
		150E40F0209C4AD300D98A9D = {
			isa = PBXGroup;
			children = (
				150E40FB209C4AD300D98A9D /* Sources */,
				150E4114209C4C2000D98A9D /* Resources */,
				150E40FA209C4AD300D98A9D /* Products */,
				150E4118209C4F0400D98A9D /* Frameworks */,
			);
			sourceTree = "<group>";
		};
		150E40FA209C4AD300D98A9D /* Products */ = {
			isa = PBXGroup;
			children = (
				150E40F9209C4AD300D98A9D /* Example.app */,
			);
			name = Products;
			sourceTree = "<group>";
		};
		150E40FB209C4AD300D98A9D /* Sources */ = {
			isa = PBXGroup;
			children = (
				150E40FC209C4AD300D98A9D /* AppDelegate.swift */,
				150E40FE209C4AD300D98A9D /* ViewController.swift */,
			);
			path = Sources;
			sourceTree = "<group>";
		};
		150E4114209C4C2000D98A9D /* Resources */ = {
			isa = PBXGroup;
			children = (
				150E4100209C4AD300D98A9D /* Main.storyboard */,
				150E4103209C4AD400D98A9D /* Assets.xcassets */,
				150E4105209C4AD400D98A9D /* LaunchScreen.storyboard */,
				150E4108209C4AD400D98A9D /* Info.plist */,
			);
			path = Resources;
			sourceTree = "<group>";
		};
		150E4118209C4F0400D98A9D /* Frameworks */ = {
			isa = PBXGroup;
			children = (
				150E4119209C4F0400D98A9D /* Toolbox.framework */,
			);
			name = Frameworks;
			sourceTree = "<group>";
		};
/* End PBXGroup section */

/* Begin PBXNativeTarget section */
		150E40F8209C4AD300D98A9D /* Example */ = {
			isa = PBXNativeTarget;
			buildConfigurationList = 150E410B209C4AD400D98A9D /* Build configuration list for PBXNativeTarget "Example" */;
			buildPhases = (
				150E40F5209C4AD300D98A9D /* Sources */,
				150E40F6209C4AD300D98A9D /* Frameworks */,
				150E40F7209C4AD300D98A9D /* Resources */,
				150E4120209C4F3D00D98A9D /* Embed Frameworks */,
			);
			buildRules = (
			);
			dependencies = (
			);
			name = Example;
			productName = Example;
			productReference = 150E40F9209C4AD300D98A9D /* Example.app */;
			productType = "com.apple.product-type.application";
		};
/* End PBXNativeTarget section */

/* Begin PBXProject section */
		150E40F1209C4AD300D98A9D /* Project object */ = {
			isa = PBXProject;
			attributes = {
				LastSwiftUpdateCheck = 0930;
				LastUpgradeCheck = 0930;
				ORGANIZATIONNAME = Junzz;
				TargetAttributes = {
					150E40F8209C4AD300D98A9D = {
						CreatedOnToolsVersion = 9.3;
					};
				};
			};
			buildConfigurationList = 150E40F4209C4AD300D98A9D /* Build configuration list for PBXProject "Example" */;
			compatibilityVersion = "Xcode 9.3";
			developmentRegion = en;
			hasScannedForEncodings = 0;
			knownRegions = (
				en,
				Base,
			);
			mainGroup = 150E40F0209C4AD300D98A9D;
			productRefGroup = 150E40FA209C4AD300D98A9D /* Products */;
			projectDirPath = "";
			projectRoot = "";
			targets = (
				150E40F8209C4AD300D98A9D /* Example */,
			);
		};
/* End PBXProject section */

/* Begin PBXResourcesBuildPhase section */
		150E40F7209C4AD300D98A9D /* Resources */ = {
			isa = PBXResourcesBuildPhase;
			buildActionMask = 2147483647;
			files = (
				150E4107209C4AD400D98A9D /* LaunchScreen.storyboard in Resources */,
				150E4104209C4AD400D98A9D /* Assets.xcassets in Resources */,
				150E4102209C4AD300D98A9D /* Main.storyboard in Resources */,
			);
			runOnlyForDeploymentPostprocessing = 0;
		};
/* End PBXResourcesBuildPhase section */

/* Begin PBXSourcesBuildPhase section */
		150E40F5209C4AD300D98A9D /* Sources */ = {
			isa = PBXSourcesBuildPhase;
			buildActionMask = 2147483647;
			files = (
				150E40FF209C4AD300D98A9D /* ViewController.swift in Sources */,
				150E40FD209C4AD300D98A9D /* AppDelegate.swift in Sources */,
			);
			runOnlyForDeploymentPostprocessing = 0;
		};
/* End PBXSourcesBuildPhase section */

/* Begin PBXVariantGroup section */
		150E4100209C4AD300D98A9D /* Main.storyboard */ = {
			isa = PBXVariantGroup;
			children = (
				150E4101209C4AD300D98A9D /* Base */,
				150E4115209C4E1300D98A9D /* zh-Hans */,
				150E4117209C4E4100D98A9D /* en */,
			);
			name = Main.storyboard;
			sourceTree = "<group>";
		};
		150E4105209C4AD400D98A9D /* LaunchScreen.storyboard */ = {
			isa = PBXVariantGroup;
			children = (
				150E4106209C4AD400D98A9D /* Base */,
			);
			name = LaunchScreen.storyboard;
			sourceTree = "<group>";
		};
/* End PBXVariantGroup section */

/* Begin XCBuildConfiguration section */
		150E4109209C4AD400D98A9D /* Debug */ = {
			isa = XCBuildConfiguration;
			buildSettings = {
				ALWAYS_SEARCH_USER_PATHS = NO;
				CLANG_ANALYZER_LOCALIZABILITY_NONLOCALIZED = YES;
				CLANG_ANALYZER_NONNULL = YES;
				CLANG_ANALYZER_NUMBER_OBJECT_CONVERSION = YES_AGGRESSIVE;
				CLANG_CXX_LANGUAGE_STANDARD = "gnu++14";
				CLANG_CXX_LIBRARY = "libc++";
				CLANG_ENABLE_MODULES = YES;
				CLANG_ENABLE_OBJC_ARC = YES;
				CLANG_ENABLE_OBJC_WEAK = YES;
				CLANG_WARN_BLOCK_CAPTURE_AUTORELEASING = YES;
				CLANG_WARN_BOOL_CONVERSION = YES;
				CLANG_WARN_COMMA = YES;
				CLANG_WARN_CONSTANT_CONVERSION = YES;
				CLANG_WARN_DEPRECATED_OBJC_IMPLEMENTATIONS = YES;
				CLANG_WARN_DIRECT_OBJC_ISA_USAGE = YES_ERROR;
				CLANG_WARN_DOCUMENTATION_COMMENTS = YES;
				CLANG_WARN_EMPTY_BODY = YES;
				CLANG_WARN_ENUM_CONVERSION = YES;
				CLANG_WARN_INFINITE_RECURSION = YES;
				CLANG_WARN_INT_CONVERSION = YES;
				CLANG_WARN_NON_LITERAL_NULL_CONVERSION = YES;
				CLANG_WARN_OBJC_IMPLICIT_RETAIN_SELF = YES;
				CLANG_WARN_OBJC_LITERAL_CONVERSION = YES;
				CLANG_WARN_OBJC_ROOT_CLASS = YES_ERROR;
				CLANG_WARN_RANGE_LOOP_ANALYSIS = YES;
				CLANG_WARN_STRICT_PROTOTYPES = YES;
				CLANG_WARN_SUSPICIOUS_MOVE = YES;
				CLANG_WARN_UNGUARDED_AVAILABILITY = YES_AGGRESSIVE;
				CLANG_WARN_UNREACHABLE_CODE = YES;
				CLANG_WARN__DUPLICATE_METHOD_MATCH = YES;
				CODE_SIGN_IDENTITY = "iPhone Developer";
				COPY_PHASE_STRIP = NO;
				DEBUG_INFORMATION_FORMAT = dwarf;
				ENABLE_STRICT_OBJC_MSGSEND = YES;
				ENABLE_TESTABILITY = YES;
				GCC_C_LANGUAGE_STANDARD = gnu11;
				GCC_DYNAMIC_NO_PIC = NO;
				GCC_NO_COMMON_BLOCKS = YES;
				GCC_OPTIMIZATION_LEVEL = 0;
				GCC_PREPROCESSOR_DEFINITIONS = (
					"DEBUG=1",
					"$(inherited)",
				);
				GCC_WARN_64_TO_32_BIT_CONVERSION = YES;
				GCC_WARN_ABOUT_RETURN_TYPE = YES_ERROR;
				GCC_WARN_UNDECLARED_SELECTOR = YES;
				GCC_WARN_UNINITIALIZED_AUTOS = YES_AGGRESSIVE;
				GCC_WARN_UNUSED_FUNCTION = YES;
				GCC_WARN_UNUSED_VARIABLE = YES;
				IPHONEOS_DEPLOYMENT_TARGET = 9.0;
				MTL_ENABLE_DEBUG_INFO = YES;
				ONLY_ACTIVE_ARCH = YES;
				SDKROOT = iphoneos;
				SWIFT_ACTIVE_COMPILATION_CONDITIONS = DEBUG;
				SWIFT_OPTIMIZATION_LEVEL = "-Onone";
			};
			name = Debug;
		};
		150E410A209C4AD400D98A9D /* Release */ = {
			isa = XCBuildConfiguration;
			buildSettings = {
				ALWAYS_SEARCH_USER_PATHS = NO;
				CLANG_ANALYZER_LOCALIZABILITY_NONLOCALIZED = YES;
				CLANG_ANALYZER_NONNULL = YES;
				CLANG_ANALYZER_NUMBER_OBJECT_CONVERSION = YES_AGGRESSIVE;
				CLANG_CXX_LANGUAGE_STANDARD = "gnu++14";
				CLANG_CXX_LIBRARY = "libc++";
				CLANG_ENABLE_MODULES = YES;
				CLANG_ENABLE_OBJC_ARC = YES;
				CLANG_ENABLE_OBJC_WEAK = YES;
				CLANG_WARN_BLOCK_CAPTURE_AUTORELEASING = YES;
				CLANG_WARN_BOOL_CONVERSION = YES;
				CLANG_WARN_COMMA = YES;
				CLANG_WARN_CONSTANT_CONVERSION = YES;
				CLANG_WARN_DEPRECATED_OBJC_IMPLEMENTATIONS = YES;
				CLANG_WARN_DIRECT_OBJC_ISA_USAGE = YES_ERROR;
				CLANG_WARN_DOCUMENTATION_COMMENTS = YES;
				CLANG_WARN_EMPTY_BODY = YES;
				CLANG_WARN_ENUM_CONVERSION = YES;
				CLANG_WARN_INFINITE_RECURSION = YES;
				CLANG_WARN_INT_CONVERSION = YES;
				CLANG_WARN_NON_LITERAL_NULL_CONVERSION = YES;
				CLANG_WARN_OBJC_IMPLICIT_RETAIN_SELF = YES;
				CLANG_WARN_OBJC_LITERAL_CONVERSION = YES;
				CLANG_WARN_OBJC_ROOT_CLASS = YES_ERROR;
				CLANG_WARN_RANGE_LOOP_ANALYSIS = YES;
				CLANG_WARN_STRICT_PROTOTYPES = YES;
				CLANG_WARN_SUSPICIOUS_MOVE = YES;
				CLANG_WARN_UNGUARDED_AVAILABILITY = YES_AGGRESSIVE;
				CLANG_WARN_UNREACHABLE_CODE = YES;
				CLANG_WARN__DUPLICATE_METHOD_MATCH = YES;
				CODE_SIGN_IDENTITY = "iPhone Developer";
				COPY_PHASE_STRIP = NO;
				DEBUG_INFORMATION_FORMAT = "dwarf-with-dsym";
				ENABLE_NS_ASSERTIONS = NO;
				ENABLE_STRICT_OBJC_MSGSEND = YES;
				GCC_C_LANGUAGE_STANDARD = gnu11;
				GCC_NO_COMMON_BLOCKS = YES;
				GCC_WARN_64_TO_32_BIT_CONVERSION = YES;
				GCC_WARN_ABOUT_RETURN_TYPE = YES_ERROR;
				GCC_WARN_UNDECLARED_SELECTOR = YES;
				GCC_WARN_UNINITIALIZED_AUTOS = YES_AGGRESSIVE;
				GCC_WARN_UNUSED_FUNCTION = YES;
				GCC_WARN_UNUSED_VARIABLE = YES;
				IPHONEOS_DEPLOYMENT_TARGET = 9.0;
				MTL_ENABLE_DEBUG_INFO = NO;
				SDKROOT = iphoneos;
				SWIFT_COMPILATION_MODE = wholemodule;
				SWIFT_OPTIMIZATION_LEVEL = "-O";
				VALIDATE_PRODUCT = YES;
			};
			name = Release;
		};
		150E410C209C4AD400D98A9D /* Debug */ = {
			isa = XCBuildConfiguration;
			buildSettings = {
				ASSETCATALOG_COMPILER_APPICON_NAME = AppIcon;
				CODE_SIGN_STYLE = Automatic;
				DEVELOPMENT_TEAM = 84R42HDV8T;
				INFOPLIST_FILE = Resources/Info.plist;
				LD_RUNPATH_SEARCH_PATHS = (
					"$(inherited)",
					"@executable_path/Frameworks",
				);
				PRODUCT_BUNDLE_IDENTIFIER = net.junzz.app.Toolbox.Example;
				PRODUCT_NAME = "$(TARGET_NAME)";
				SWIFT_VERSION = 4.0;
				TARGETED_DEVICE_FAMILY = "1,2";
			};
			name = Debug;
		};
		150E410D209C4AD400D98A9D /* Release */ = {
			isa = XCBuildConfiguration;
			buildSettings = {
				ASSETCATALOG_COMPILER_APPICON_NAME = AppIcon;
				CODE_SIGN_STYLE = Automatic;
				DEVELOPMENT_TEAM = 84R42HDV8T;
				INFOPLIST_FILE = Resources/Info.plist;
				LD_RUNPATH_SEARCH_PATHS = (
					"$(inherited)",
					"@executable_path/Frameworks",
				);
				PRODUCT_BUNDLE_IDENTIFIER = net.junzz.app.Toolbox.Example;
				PRODUCT_NAME = "$(TARGET_NAME)";
				SWIFT_VERSION = 4.0;
				TARGETED_DEVICE_FAMILY = "1,2";
			};
			name = Release;
		};
/* End XCBuildConfiguration section */

/* Begin XCConfigurationList section */
		150E40F4209C4AD300D98A9D /* Build configuration list for PBXProject "Example" */ = {
			isa = XCConfigurationList;
			buildConfigurations = (
				150E4109209C4AD400D98A9D /* Debug */,
				150E410A209C4AD400D98A9D /* Release */,
			);
			defaultConfigurationIsVisible = 0;
			defaultConfigurationName = Release;
		};
		150E410B209C4AD400D98A9D /* Build configuration list for PBXNativeTarget "Example" */ = {
			isa = XCConfigurationList;
			buildConfigurations = (
				150E410C209C4AD400D98A9D /* Debug */,
				150E410D209C4AD400D98A9D /* Release */,
			);
			defaultConfigurationIsVisible = 0;
			defaultConfigurationName = Release;
		};
/* End XCConfigurationList section */
	};
	rootObject = 150E40F1209C4AD300D98A9D /* Project object */;
}
